Microsoft Visual Studio Solution File, Format Version 12.00
# Visual Studio Version 17
VisualStudioVersion = 17.5.2.0
MinimumVisualStudioVersion = 10.0.40219.1
Project("{FAE04EC0-301F-11D3-BF4B-00C04F79EFBC}") = "FinancialPlanner", "FinancialPlanner.csproj", "{D0DFA64F-566F-377D-7D11-F84B2A03E5B0}"
EndProject
Global
	GlobalSection(SolutionConfigurationPlatforms) = preSolution
		Debug|Any CPU = Debug|Any CPU
		Release|Any CPU = Release|Any CPU
	EndGlobalSection
	GlobalSection(ProjectConfigurationPlatforms) = postSolution
		{D0DFA64F-566F-377D-7D11-F84B2A03E5B0}.Debug|Any CPU.ActiveCfg = Debug|Any CPU
		{D0DFA64F-566F-377D-7D11-F84B2A03E5B0}.Debug|Any CPU.Build.0 = Debug|Any CPU
		{D0DFA64F-566F-377D-7D11-F84B2A03E5B0}.Release|Any CPU.ActiveCfg = Release|Any CPU
		{D0DFA64F-566F-377D-7D11-F84B2A03E5B0}.Release|Any CPU.Build.0 = Release|Any CPU
	EndGlobalSection
	GlobalSection(SolutionProperties) = preSolution
		HideSolutionNode = FALSE
	EndGlobalSection
	GlobalSection(ExtensibilityGlobals) = postSolution
		SolutionGuid = {77525D19-A9A5-492B-AA1A-EE443DFE0DBE}
	EndGlobalSection
EndGlobal
